# generated by rye
# use `rye lock` or `rye sync` to update this lockfile
#
# last locked with the following flags:
#   pre: false
#   features: []
#   all-features: false
#   with-sources: false

-e file:.
annotated-types==0.6.0
    # via pydantic
certifi==2024.2.2
    # via requests
charset-normalizer==3.3.2
    # via requests
idna==3.6
    # via requests
iniconfig==2.0.0
    # via pytest
mypy==1.8.0
mypy-extensions==1.0.0
    # via mypy
packaging==23.2
    # via plotly
    # via pytest
plotly==5.19.0
pluggy==1.4.0
    # via pytest
pydantic==2.6.3
pydantic-core==2.16.3
    # via pydantic
pytest==8.0.2
    # via pytest-dependency
pytest-dependency==0.6.0
python-dotenv==1.0.1
    # via libre-linkup-py
requests==2.31.0
    # via libre-linkup-py
setuptools==69.1.1
    # via pytest-dependency
tenacity==8.2.3
    # via plotly
typing-extensions==4.10.0
    # via mypy
    # via pydantic
    # via pydantic-core
urllib3==2.2.1
    # via requests
